
Microsoft Visual Studio Solution File, Format Version 12.00
# Visual Studio Version 17
VisualStudioVersion = 17.14.36121.58
MinimumVisualStudioVersion = 10.0.40219.1
Project("{FAE04EC0-301F-11D3-BF4B-00C04F79EFBC}") = "src", "src\src.csproj", "{6A316BB3-0872-48A1-B3F4-9E0C10E3A3EE}"
EndProject
Project("{FAE04EC0-301F-11D3-BF4B-00C04F79EFBC}") = "MongoDotnetORM.Sample", "MongoDotnetORM.Sample\MongoDotnetORM.Sample.csproj", "{750A7E53-F2E3-4182-BE95-6AD1BDF6825F}"
EndProject
Global
	GlobalSection(SolutionConfigurationPlatforms) = preSolution
		Debug|Any CPU = Debug|Any CPU
		Release|Any CPU = Release|Any CPU
	EndGlobalSection
	GlobalSection(ProjectConfigurationPlatforms) = postSolution
		{6A316BB3-0872-48A1-B3F4-9E0C10E3A3EE}.Debug|Any CPU.ActiveCfg = Debug|Any CPU
		{6A316BB3-0872-48A1-B3F4-9E0C10E3A3EE}.Debug|Any CPU.Build.0 = Debug|Any CPU
		{6A316BB3-0872-48A1-B3F4-9E0C10E3A3EE}.Release|Any CPU.ActiveCfg = Release|Any CPU
		{6A316BB3-0872-48A1-B3F4-9E0C10E3A3EE}.Release|Any CPU.Build.0 = Release|Any CPU
		{750A7E53-F2E3-4182-BE95-6AD1BDF6825F}.Debug|Any CPU.ActiveCfg = Debug|Any CPU
		{750A7E53-F2E3-4182-BE95-6AD1BDF6825F}.Debug|Any CPU.Build.0 = Debug|Any CPU
		{750A7E53-F2E3-4182-BE95-6AD1BDF6825F}.Release|Any CPU.ActiveCfg = Release|Any CPU
		{750A7E53-F2E3-4182-BE95-6AD1BDF6825F}.Release|Any CPU.Build.0 = Release|Any CPU
	EndGlobalSection
	GlobalSection(SolutionProperties) = preSolution
		HideSolutionNode = FALSE
	EndGlobalSection
	GlobalSection(ExtensibilityGlobals) = postSolution
		SolutionGuid = {D4FDECF9-C626-43BE-99B6-14FEACBCC5E0}
	EndGlobalSection
EndGlobal
